
Microsoft Visual Studio Solution File, Format Version 12.00
# Visual Studio 15
VisualStudioVersion = 15.0.26730.3
MinimumVisualStudioVersion = 10.0.40219.1
Project("{2150E333-8FDC-42A3-9474-1A3956D46DE8}") = "Framework", "Framework", "{76515DFE-5752-4377-AC82-0D473A0231B3}"
EndProject
Project("{2150E333-8FDC-42A3-9474-1A3956D46DE8}") = "Utilities", "Utilities", "{45AC3B7E-C6E2-4594-AD14-FC2400B1291C}"
EndProject
Project("{FAE04EC0-301F-11D3-BF4B-00C04F79EFBC}") = "Yahvol.Services.Commands", "Services.Commands\Yahvol.Services.Commands.csproj", "{4DE44359-6BF3-42B3-8A36-321AD7283D83}"
EndProject
Project("{FAE04EC0-301F-11D3-BF4B-00C04F79EFBC}") = "Yahvol.Services.Commands.Test", "Services.Commands.Test\Yahvol.Services.Commands.Test.csproj", "{93668538-A58E-410B-ADD6-09B95C21242E}"
EndProject
Global
	GlobalSection(SolutionConfigurationPlatforms) = preSolution
		Debug|Any CPU = Debug|Any CPU
		Release|Any CPU = Release|Any CPU
	EndGlobalSection
	GlobalSection(ProjectConfigurationPlatforms) = postSolution
		{4DE44359-6BF3-42B3-8A36-321AD7283D83}.Debug|Any CPU.ActiveCfg = Debug|Any CPU
		{4DE44359-6BF3-42B3-8A36-321AD7283D83}.Debug|Any CPU.Build.0 = Debug|Any CPU
		{4DE44359-6BF3-42B3-8A36-321AD7283D83}.Release|Any CPU.ActiveCfg = Release|Any CPU
		{4DE44359-6BF3-42B3-8A36-321AD7283D83}.Release|Any CPU.Build.0 = Release|Any CPU
		{93668538-A58E-410B-ADD6-09B95C21242E}.Debug|Any CPU.ActiveCfg = Debug|Any CPU
		{93668538-A58E-410B-ADD6-09B95C21242E}.Debug|Any CPU.Build.0 = Debug|Any CPU
		{93668538-A58E-410B-ADD6-09B95C21242E}.Release|Any CPU.ActiveCfg = Release|Any CPU
		{93668538-A58E-410B-ADD6-09B95C21242E}.Release|Any CPU.Build.0 = Release|Any CPU
	EndGlobalSection
	GlobalSection(SolutionProperties) = preSolution
		HideSolutionNode = FALSE
	EndGlobalSection
	GlobalSection(ExtensibilityGlobals) = postSolution
		SolutionGuid = {19D79EFD-9791-436B-A23B-00CB8A66EE3A}
	EndGlobalSection
EndGlobal
